# This file was autogenerated by uv via the following command:
#    uv pip compile --output-file=uv.lock pyproject.toml
greenlet==3.0.3
    # via sqlalchemy
psycopg2-binary==2.9.9
    # via migrations (pyproject.toml)
sqlalchemy==2.0.30
    # via migrations (pyproject.toml)
typing-extensions==4.12.2
    # via sqlalchemy
